
Microsoft Visual Studio Solution File, Format Version 12.00
# Visual Studio 15
VisualStudioVersion = 15.0.28010.2003
MinimumVisualStudioVersion = 10.0.40219.1
Project("{2150E333-8FDC-42A3-9474-1A3956D46DE8}") = "LeonReader.COM", "LeonReader.COM", "{FA2872F4-A8F5-4DF2-8B2A-2989DC6C10A8}"
EndProject
Project("{FAE04EC0-301F-11D3-BF4B-00C04F79EFBC}") = "LeonReader.Common", "LeonReader.Common\LeonReader.Common.csproj", "{84B1272A-20D1-47D9-AC04-DCA76B61A456}"
EndProject
Project("{2150E333-8FDC-42A3-9474-1A3956D46DE8}") = "LeonReader.DAL", "LeonReader.DAL", "{E699C821-5474-4DD3-BFD9-DC9710999CAE}"
EndProject
Project("{2150E333-8FDC-42A3-9474-1A3956D46DE8}") = "LeonReader.BIZ", "LeonReader.BIZ", "{72C27E62-F1B9-47D5-9417-CCF745819768}"
EndProject
Project("{2150E333-8FDC-42A3-9474-1A3956D46DE8}") = "LeonReader.UI", "LeonReader.UI", "{5216614F-CA4F-4832-B638-BB927D12EAF6}"
EndProject
Project("{FAE04EC0-301F-11D3-BF4B-00C04F79EFBC}") = "LeonReader.Client", "LeonReader.Client\LeonReader.Client.csproj", "{E42C5B5A-C028-4C04-A023-FF08748FFDC9}"
	ProjectSection(ProjectDependencies) = postProject
		{84B1272A-20D1-47D9-AC04-DCA76B61A456} = {84B1272A-20D1-47D9-AC04-DCA76B61A456}
		{E011572B-10E0-4D9D-88DC-F2B5DA057C76} = {E011572B-10E0-4D9D-88DC-F2B5DA057C76}
		{7FC2F8A9-D953-4211-B910-BAD9B580BF5F} = {7FC2F8A9-D953-4211-B910-BAD9B580BF5F}
	EndProjectSection
EndProject
Project("{FAE04EC0-301F-11D3-BF4B-00C04F79EFBC}") = "LeonReader.ModelTests", "LeonReader.ModelTests\LeonReader.ModelTests.csproj", "{2D09D4D4-183D-44C9-99BB-55C5A634F5DE}"
	ProjectSection(ProjectDependencies) = postProject
		{E011572B-10E0-4D9D-88DC-F2B5DA057C76} = {E011572B-10E0-4D9D-88DC-F2B5DA057C76}
	EndProjectSection
EndProject
Project("{2150E333-8FDC-42A3-9474-1A3956D46DE8}") = "Document", "Document", "{C77E4C4C-48AF-42AA-9AB7-4C0C85279302}"
	ProjectSection(SolutionItems) = preProject
		Document\LeonReader 项目结构图.jpg = Document\LeonReader 项目结构图.jpg
		Document\项目说明.txt = Document\项目说明.txt
	EndProjectSection
EndProject
Project("{FAE04EC0-301F-11D3-BF4B-00C04F79EFBC}") = "LeonReader.CommonTests", "LeonReader.CommonTests\LeonReader.CommonTests.csproj", "{CECD95EE-3705-4CEB-9639-2117E044D6AA}"
EndProject
Project("{FAE04EC0-301F-11D3-BF4B-00C04F79EFBC}") = "LeonReader.AbstractSADE", "LeonReader.AbstractSADE\LeonReader.AbstractSADE.csproj", "{7FC2F8A9-D953-4211-B910-BAD9B580BF5F}"
EndProject
Project("{FAE04EC0-301F-11D3-BF4B-00C04F79EFBC}") = "GamerSkySADE", "GamerSkySADE\GamerSkySADE.csproj", "{69A8C259-DDBE-472C-822E-A3E3FC3E353C}"
	ProjectSection(ProjectDependencies) = postProject
		{E011572B-10E0-4D9D-88DC-F2B5DA057C76} = {E011572B-10E0-4D9D-88DC-F2B5DA057C76}
	EndProjectSection
EndProject
Project("{FAE04EC0-301F-11D3-BF4B-00C04F79EFBC}") = "GamerSkySADETests", "GamerSkySADETests\GamerSkySADETests.csproj", "{FCD1E538-AC4F-4B5C-AED6-4FBE0648802A}"
EndProject
Project("{2150E333-8FDC-42A3-9474-1A3956D46DE8}") = "UnitTest", "UnitTest", "{BA3A35F1-630E-4C90-A7E1-77B75344DC3B}"
EndProject
Project("{FAE04EC0-301F-11D3-BF4B-00C04F79EFBC}") = "LeonReader.AbstractSADETests", "LeonReader.AbstractSADETests\LeonReader.AbstractSADETests.csproj", "{00793812-77E7-43AA-9B7D-A7340ED466E0}"
	ProjectSection(ProjectDependencies) = postProject
		{E011572B-10E0-4D9D-88DC-F2B5DA057C76} = {E011572B-10E0-4D9D-88DC-F2B5DA057C76}
	EndProjectSection
EndProject
Project("{FAE04EC0-301F-11D3-BF4B-00C04F79EFBC}") = "LeonReader.Model", "LeonReader.Model\LeonReader.Model.csproj", "{E011572B-10E0-4D9D-88DC-F2B5DA057C76}"
EndProject
Project("{FAE04EC0-301F-11D3-BF4B-00C04F79EFBC}") = "LeonReader.ArticleContentManager", "LeonReader.ArticleContentManager\LeonReader.ArticleContentManager.csproj", "{025A7084-9192-4538-A40B-92B24861AE1A}"
EndProject
Global
	GlobalSection(SolutionConfigurationPlatforms) = preSolution
		Debug|Any CPU = Debug|Any CPU
		Release|Any CPU = Release|Any CPU
	EndGlobalSection
	GlobalSection(ProjectConfigurationPlatforms) = postSolution
		{84B1272A-20D1-47D9-AC04-DCA76B61A456}.Debug|Any CPU.ActiveCfg = Debug|Any CPU
		{84B1272A-20D1-47D9-AC04-DCA76B61A456}.Debug|Any CPU.Build.0 = Debug|Any CPU
		{84B1272A-20D1-47D9-AC04-DCA76B61A456}.Release|Any CPU.ActiveCfg = Release|Any CPU
		{84B1272A-20D1-47D9-AC04-DCA76B61A456}.Release|Any CPU.Build.0 = Release|Any CPU
		{E42C5B5A-C028-4C04-A023-FF08748FFDC9}.Debug|Any CPU.ActiveCfg = Debug|Any CPU
		{E42C5B5A-C028-4C04-A023-FF08748FFDC9}.Debug|Any CPU.Build.0 = Debug|Any CPU
		{E42C5B5A-C028-4C04-A023-FF08748FFDC9}.Release|Any CPU.ActiveCfg = Release|Any CPU
		{E42C5B5A-C028-4C04-A023-FF08748FFDC9}.Release|Any CPU.Build.0 = Release|Any CPU
		{2D09D4D4-183D-44C9-99BB-55C5A634F5DE}.Debug|Any CPU.ActiveCfg = Debug|Any CPU
		{2D09D4D4-183D-44C9-99BB-55C5A634F5DE}.Debug|Any CPU.Build.0 = Debug|Any CPU
		{2D09D4D4-183D-44C9-99BB-55C5A634F5DE}.Release|Any CPU.ActiveCfg = Release|Any CPU
		{2D09D4D4-183D-44C9-99BB-55C5A634F5DE}.Release|Any CPU.Build.0 = Release|Any CPU
		{CECD95EE-3705-4CEB-9639-2117E044D6AA}.Debug|Any CPU.ActiveCfg = Debug|Any CPU
		{CECD95EE-3705-4CEB-9639-2117E044D6AA}.Debug|Any CPU.Build.0 = Debug|Any CPU
		{CECD95EE-3705-4CEB-9639-2117E044D6AA}.Release|Any CPU.ActiveCfg = Release|Any CPU
		{CECD95EE-3705-4CEB-9639-2117E044D6AA}.Release|Any CPU.Build.0 = Release|Any CPU
		{7FC2F8A9-D953-4211-B910-BAD9B580BF5F}.Debug|Any CPU.ActiveCfg = Debug|Any CPU
		{7FC2F8A9-D953-4211-B910-BAD9B580BF5F}.Debug|Any CPU.Build.0 = Debug|Any CPU
		{7FC2F8A9-D953-4211-B910-BAD9B580BF5F}.Release|Any CPU.ActiveCfg = Release|Any CPU
		{7FC2F8A9-D953-4211-B910-BAD9B580BF5F}.Release|Any CPU.Build.0 = Release|Any CPU
		{69A8C259-DDBE-472C-822E-A3E3FC3E353C}.Debug|Any CPU.ActiveCfg = Debug|Any CPU
		{69A8C259-DDBE-472C-822E-A3E3FC3E353C}.Debug|Any CPU.Build.0 = Debug|Any CPU
		{69A8C259-DDBE-472C-822E-A3E3FC3E353C}.Release|Any CPU.ActiveCfg = Release|Any CPU
		{69A8C259-DDBE-472C-822E-A3E3FC3E353C}.Release|Any CPU.Build.0 = Release|Any CPU
		{FCD1E538-AC4F-4B5C-AED6-4FBE0648802A}.Debug|Any CPU.ActiveCfg = Debug|Any CPU
		{FCD1E538-AC4F-4B5C-AED6-4FBE0648802A}.Debug|Any CPU.Build.0 = Debug|Any CPU
		{FCD1E538-AC4F-4B5C-AED6-4FBE0648802A}.Release|Any CPU.ActiveCfg = Release|Any CPU
		{FCD1E538-AC4F-4B5C-AED6-4FBE0648802A}.Release|Any CPU.Build.0 = Release|Any CPU
		{00793812-77E7-43AA-9B7D-A7340ED466E0}.Debug|Any CPU.ActiveCfg = Debug|Any CPU
		{00793812-77E7-43AA-9B7D-A7340ED466E0}.Debug|Any CPU.Build.0 = Debug|Any CPU
		{00793812-77E7-43AA-9B7D-A7340ED466E0}.Release|Any CPU.ActiveCfg = Release|Any CPU
		{00793812-77E7-43AA-9B7D-A7340ED466E0}.Release|Any CPU.Build.0 = Release|Any CPU
		{E011572B-10E0-4D9D-88DC-F2B5DA057C76}.Debug|Any CPU.ActiveCfg = Debug|Any CPU
		{E011572B-10E0-4D9D-88DC-F2B5DA057C76}.Debug|Any CPU.Build.0 = Debug|Any CPU
		{E011572B-10E0-4D9D-88DC-F2B5DA057C76}.Release|Any CPU.ActiveCfg = Release|Any CPU
		{E011572B-10E0-4D9D-88DC-F2B5DA057C76}.Release|Any CPU.Build.0 = Release|Any CPU
		{025A7084-9192-4538-A40B-92B24861AE1A}.Debug|Any CPU.ActiveCfg = Debug|Any CPU
		{025A7084-9192-4538-A40B-92B24861AE1A}.Debug|Any CPU.Build.0 = Debug|Any CPU
		{025A7084-9192-4538-A40B-92B24861AE1A}.Release|Any CPU.ActiveCfg = Release|Any CPU
		{025A7084-9192-4538-A40B-92B24861AE1A}.Release|Any CPU.Build.0 = Release|Any CPU
	EndGlobalSection
	GlobalSection(SolutionProperties) = preSolution
		HideSolutionNode = FALSE
	EndGlobalSection
	GlobalSection(NestedProjects) = preSolution
		{84B1272A-20D1-47D9-AC04-DCA76B61A456} = {FA2872F4-A8F5-4DF2-8B2A-2989DC6C10A8}
		{E42C5B5A-C028-4C04-A023-FF08748FFDC9} = {5216614F-CA4F-4832-B638-BB927D12EAF6}
		{2D09D4D4-183D-44C9-99BB-55C5A634F5DE} = {BA3A35F1-630E-4C90-A7E1-77B75344DC3B}
		{CECD95EE-3705-4CEB-9639-2117E044D6AA} = {BA3A35F1-630E-4C90-A7E1-77B75344DC3B}
		{7FC2F8A9-D953-4211-B910-BAD9B580BF5F} = {72C27E62-F1B9-47D5-9417-CCF745819768}
		{69A8C259-DDBE-472C-822E-A3E3FC3E353C} = {72C27E62-F1B9-47D5-9417-CCF745819768}
		{FCD1E538-AC4F-4B5C-AED6-4FBE0648802A} = {BA3A35F1-630E-4C90-A7E1-77B75344DC3B}
		{00793812-77E7-43AA-9B7D-A7340ED466E0} = {BA3A35F1-630E-4C90-A7E1-77B75344DC3B}
		{E011572B-10E0-4D9D-88DC-F2B5DA057C76} = {E699C821-5474-4DD3-BFD9-DC9710999CAE}
		{025A7084-9192-4538-A40B-92B24861AE1A} = {72C27E62-F1B9-47D5-9417-CCF745819768}
	EndGlobalSection
	GlobalSection(ExtensibilityGlobals) = postSolution
		SolutionGuid = {CC6CA0F0-5967-4DF8-A0F8-4F78298B962F}
	EndGlobalSection
EndGlobal
