
Microsoft Visual Studio Solution File, Format Version 12.00
# Visual Studio 15
VisualStudioVersion = 15.0.28010.2003
MinimumVisualStudioVersion = 10.0.40219.1
Project("{2150E333-8FDC-42A3-9474-1A3956D46DE8}") = "LeonReader.COM", "LeonReader.COM", "{FA2872F4-A8F5-4DF2-8B2A-2989DC6C10A8}"
EndProject
Project("{FAE04EC0-301F-11D3-BF4B-00C04F79EFBC}") = "LeonReader.Common", "LeonReader.Common\LeonReader.Common.csproj", "{84B1272A-20D1-47D9-AC04-DCA76B61A456}"
EndProject
Project("{2150E333-8FDC-42A3-9474-1A3956D46DE8}") = "LeonReader.DAL", "LeonReader.DAL", "{E699C821-5474-4DD3-BFD9-DC9710999CAE}"
EndProject
Project("{FAE04EC0-301F-11D3-BF4B-00C04F79EFBC}") = "LeonReader.Model", "LeonReader.Model\LeonReader.Model.csproj", "{E011572B-10E0-4D9D-88DC-F2B5DA057C76}"
EndProject
Project("{2150E333-8FDC-42A3-9474-1A3956D46DE8}") = "LeonReader.BIZ", "LeonReader.BIZ", "{72C27E62-F1B9-47D5-9417-CCF745819768}"
EndProject
Project("{FAE04EC0-301F-11D3-BF4B-00C04F79EFBC}") = "AbstractADE", "AbstractADE\AbstractADE.csproj", "{3A1491D9-C938-4AF3-BBC4-92BEA2154DB3}"
	ProjectSection(ProjectDependencies) = postProject
		{84B1272A-20D1-47D9-AC04-DCA76B61A456} = {84B1272A-20D1-47D9-AC04-DCA76B61A456}
		{E011572B-10E0-4D9D-88DC-F2B5DA057C76} = {E011572B-10E0-4D9D-88DC-F2B5DA057C76}
	EndProjectSection
EndProject
Project("{FAE04EC0-301F-11D3-BF4B-00C04F79EFBC}") = "GamerSkyADE", "GamerSkyADE\GamerSkyADE.csproj", "{E2FC9862-6665-43ED-8BC2-BDF42D37B1EA}"
	ProjectSection(ProjectDependencies) = postProject
		{84B1272A-20D1-47D9-AC04-DCA76B61A456} = {84B1272A-20D1-47D9-AC04-DCA76B61A456}
		{E011572B-10E0-4D9D-88DC-F2B5DA057C76} = {E011572B-10E0-4D9D-88DC-F2B5DA057C76}
		{3A1491D9-C938-4AF3-BBC4-92BEA2154DB3} = {3A1491D9-C938-4AF3-BBC4-92BEA2154DB3}
	EndProjectSection
EndProject
Project("{2150E333-8FDC-42A3-9474-1A3956D46DE8}") = "LeonReader.UI", "LeonReader.UI", "{5216614F-CA4F-4832-B638-BB927D12EAF6}"
EndProject
Project("{FAE04EC0-301F-11D3-BF4B-00C04F79EFBC}") = "LeonReader.Client", "LeonReader.Client\LeonReader.Client.csproj", "{E42C5B5A-C028-4C04-A023-FF08748FFDC9}"
	ProjectSection(ProjectDependencies) = postProject
		{84B1272A-20D1-47D9-AC04-DCA76B61A456} = {84B1272A-20D1-47D9-AC04-DCA76B61A456}
		{E011572B-10E0-4D9D-88DC-F2B5DA057C76} = {E011572B-10E0-4D9D-88DC-F2B5DA057C76}
		{3A1491D9-C938-4AF3-BBC4-92BEA2154DB3} = {3A1491D9-C938-4AF3-BBC4-92BEA2154DB3}
	EndProjectSection
EndProject
Project("{FAE04EC0-301F-11D3-BF4B-00C04F79EFBC}") = "LeonReader.ModelTests", "LeonReader.ModelTests\LeonReader.ModelTests.csproj", "{2D09D4D4-183D-44C9-99BB-55C5A634F5DE}"
EndProject
Project("{2150E333-8FDC-42A3-9474-1A3956D46DE8}") = "Document", "Document", "{C77E4C4C-48AF-42AA-9AB7-4C0C85279302}"
	ProjectSection(SolutionItems) = preProject
		Document\LeonReader 项目结构图.jpg = Document\LeonReader 项目结构图.jpg
		Document\项目说明.txt = Document\项目说明.txt
	EndProjectSection
EndProject
Global
	GlobalSection(SolutionConfigurationPlatforms) = preSolution
		Debug|Any CPU = Debug|Any CPU
		Release|Any CPU = Release|Any CPU
	EndGlobalSection
	GlobalSection(ProjectConfigurationPlatforms) = postSolution
		{84B1272A-20D1-47D9-AC04-DCA76B61A456}.Debug|Any CPU.ActiveCfg = Debug|Any CPU
		{84B1272A-20D1-47D9-AC04-DCA76B61A456}.Debug|Any CPU.Build.0 = Debug|Any CPU
		{84B1272A-20D1-47D9-AC04-DCA76B61A456}.Release|Any CPU.ActiveCfg = Release|Any CPU
		{84B1272A-20D1-47D9-AC04-DCA76B61A456}.Release|Any CPU.Build.0 = Release|Any CPU
		{E011572B-10E0-4D9D-88DC-F2B5DA057C76}.Debug|Any CPU.ActiveCfg = Debug|Any CPU
		{E011572B-10E0-4D9D-88DC-F2B5DA057C76}.Debug|Any CPU.Build.0 = Debug|Any CPU
		{E011572B-10E0-4D9D-88DC-F2B5DA057C76}.Release|Any CPU.ActiveCfg = Release|Any CPU
		{E011572B-10E0-4D9D-88DC-F2B5DA057C76}.Release|Any CPU.Build.0 = Release|Any CPU
		{3A1491D9-C938-4AF3-BBC4-92BEA2154DB3}.Debug|Any CPU.ActiveCfg = Debug|Any CPU
		{3A1491D9-C938-4AF3-BBC4-92BEA2154DB3}.Debug|Any CPU.Build.0 = Debug|Any CPU
		{3A1491D9-C938-4AF3-BBC4-92BEA2154DB3}.Release|Any CPU.ActiveCfg = Release|Any CPU
		{3A1491D9-C938-4AF3-BBC4-92BEA2154DB3}.Release|Any CPU.Build.0 = Release|Any CPU
		{E2FC9862-6665-43ED-8BC2-BDF42D37B1EA}.Debug|Any CPU.ActiveCfg = Debug|Any CPU
		{E2FC9862-6665-43ED-8BC2-BDF42D37B1EA}.Debug|Any CPU.Build.0 = Debug|Any CPU
		{E2FC9862-6665-43ED-8BC2-BDF42D37B1EA}.Release|Any CPU.ActiveCfg = Release|Any CPU
		{E2FC9862-6665-43ED-8BC2-BDF42D37B1EA}.Release|Any CPU.Build.0 = Release|Any CPU
		{E42C5B5A-C028-4C04-A023-FF08748FFDC9}.Debug|Any CPU.ActiveCfg = Debug|Any CPU
		{E42C5B5A-C028-4C04-A023-FF08748FFDC9}.Debug|Any CPU.Build.0 = Debug|Any CPU
		{E42C5B5A-C028-4C04-A023-FF08748FFDC9}.Release|Any CPU.ActiveCfg = Release|Any CPU
		{E42C5B5A-C028-4C04-A023-FF08748FFDC9}.Release|Any CPU.Build.0 = Release|Any CPU
		{2D09D4D4-183D-44C9-99BB-55C5A634F5DE}.Debug|Any CPU.ActiveCfg = Debug|Any CPU
		{2D09D4D4-183D-44C9-99BB-55C5A634F5DE}.Debug|Any CPU.Build.0 = Debug|Any CPU
		{2D09D4D4-183D-44C9-99BB-55C5A634F5DE}.Release|Any CPU.ActiveCfg = Release|Any CPU
		{2D09D4D4-183D-44C9-99BB-55C5A634F5DE}.Release|Any CPU.Build.0 = Release|Any CPU
	EndGlobalSection
	GlobalSection(SolutionProperties) = preSolution
		HideSolutionNode = FALSE
	EndGlobalSection
	GlobalSection(NestedProjects) = preSolution
		{84B1272A-20D1-47D9-AC04-DCA76B61A456} = {FA2872F4-A8F5-4DF2-8B2A-2989DC6C10A8}
		{E011572B-10E0-4D9D-88DC-F2B5DA057C76} = {E699C821-5474-4DD3-BFD9-DC9710999CAE}
		{3A1491D9-C938-4AF3-BBC4-92BEA2154DB3} = {72C27E62-F1B9-47D5-9417-CCF745819768}
		{E2FC9862-6665-43ED-8BC2-BDF42D37B1EA} = {72C27E62-F1B9-47D5-9417-CCF745819768}
		{E42C5B5A-C028-4C04-A023-FF08748FFDC9} = {5216614F-CA4F-4832-B638-BB927D12EAF6}
	EndGlobalSection
	GlobalSection(ExtensibilityGlobals) = postSolution
		SolutionGuid = {CC6CA0F0-5967-4DF8-A0F8-4F78298B962F}
	EndGlobalSection
EndGlobal
